
Microsoft Visual Studio Solution File, Format Version 12.00
# Visual Studio Version 17
VisualStudioVersion = 17.4.33213.308
MinimumVisualStudioVersion = 10.0.40219.1
Project("{2150E333-8FDC-42A3-9474-1A3956D46DE8}") = "src", "src", "{3FC37078-AD35-4AC3-9754-497B3CD2B988}"
EndProject
Project("{2150E333-8FDC-42A3-9474-1A3956D46DE8}") = "Host", "Host", "{071AB57E-EE5D-45CC-9307-E3C2C1E732CE}"
EndProject
Project("{2150E333-8FDC-42A3-9474-1A3956D46DE8}") = "Domain", "Domain", "{08CD3A88-2553-481B-BF64-574D2AC22370}"
EndProject
Project("{2150E333-8FDC-42A3-9474-1A3956D46DE8}") = "Contracts", "Contracts", "{31F2A740-B65D-4FFD-B590-12C3C2048318}"
EndProject
Project("{9A19103F-16F7-4668-BE54-9A1E7A4F7556}") = "OlympProject", "src\Host\OlympProject\OlympProject.csproj", "{3EC7187E-3964-418D-97C3-19370E75DD75}"
EndProject
Project("{2150E333-8FDC-42A3-9474-1A3956D46DE8}") = "Infrastructure", "Infrastructure", "{A44458FF-8CED-4795-98B5-6D04F4F5CCC8}"
EndProject
Project("{9A19103F-16F7-4668-BE54-9A1E7A4F7556}") = "Domain", "src\Domain\Domain\Domain.csproj", "{CFA7ED07-F55B-46A4-A956-DB7953D56A3B}"
EndProject
Project("{9A19103F-16F7-4668-BE54-9A1E7A4F7556}") = "DataAccess", "src\Infrastructure\DataAccess\DataAccess.csproj", "{470B5FCD-9146-4B4D-91CD-6392170DAEFD}"
EndProject
Project("{9A19103F-16F7-4668-BE54-9A1E7A4F7556}") = "Registrar", "src\Infrastructure\Registrar\Registrar.csproj", "{E7027DA0-076C-4329-855C-4354D3558782}"
EndProject
Project("{9A19103F-16F7-4668-BE54-9A1E7A4F7556}") = "Migrations", "src\Infrastructure\Migrations\Migrations.csproj", "{DDEC65D4-F7CD-4F07-B2AC-AECC905ECF80}"
EndProject
Project("{FAE04EC0-301F-11D3-BF4B-00C04F79EFBC}") = "Infrastructure", "src\Infrastructure\Infrastructure\Infrastructure.csproj", "{56CFD107-130F-4DBD-AEA0-09A501DEB40A}"
EndProject
Project("{2150E333-8FDC-42A3-9474-1A3956D46DE8}") = "Application", "Application", "{BE54B758-C476-45CD-B24F-E2722E0003E4}"
EndProject
Project("{FAE04EC0-301F-11D3-BF4B-00C04F79EFBC}") = "AppServices", "src\Application\AppServices\AppServices.csproj", "{8B6F29C5-5F84-44F1-B781-481FD64A24DB}"
EndProject
Project("{2150E333-8FDC-42A3-9474-1A3956D46DE8}") = "Account", "Account", "{78ABF9FD-8822-4B55-BD23-A5838639154E}"
	ProjectSection(SolutionItems) = preProject
		AccountSearchResponse.cs = AccountSearchResponse.cs
		InfoAccountResponse.cs = InfoAccountResponse.cs
	EndProjectSection
EndProject
Global
	GlobalSection(SolutionConfigurationPlatforms) = preSolution
		Debug|Any CPU = Debug|Any CPU
		Release|Any CPU = Release|Any CPU
	EndGlobalSection
	GlobalSection(ProjectConfigurationPlatforms) = postSolution
		{3EC7187E-3964-418D-97C3-19370E75DD75}.Debug|Any CPU.ActiveCfg = Debug|Any CPU
		{3EC7187E-3964-418D-97C3-19370E75DD75}.Debug|Any CPU.Build.0 = Debug|Any CPU
		{3EC7187E-3964-418D-97C3-19370E75DD75}.Release|Any CPU.ActiveCfg = Release|Any CPU
		{3EC7187E-3964-418D-97C3-19370E75DD75}.Release|Any CPU.Build.0 = Release|Any CPU
		{CFA7ED07-F55B-46A4-A956-DB7953D56A3B}.Debug|Any CPU.ActiveCfg = Debug|Any CPU
		{CFA7ED07-F55B-46A4-A956-DB7953D56A3B}.Debug|Any CPU.Build.0 = Debug|Any CPU
		{CFA7ED07-F55B-46A4-A956-DB7953D56A3B}.Release|Any CPU.ActiveCfg = Release|Any CPU
		{CFA7ED07-F55B-46A4-A956-DB7953D56A3B}.Release|Any CPU.Build.0 = Release|Any CPU
		{470B5FCD-9146-4B4D-91CD-6392170DAEFD}.Debug|Any CPU.ActiveCfg = Debug|Any CPU
		{470B5FCD-9146-4B4D-91CD-6392170DAEFD}.Debug|Any CPU.Build.0 = Debug|Any CPU
		{470B5FCD-9146-4B4D-91CD-6392170DAEFD}.Release|Any CPU.ActiveCfg = Release|Any CPU
		{470B5FCD-9146-4B4D-91CD-6392170DAEFD}.Release|Any CPU.Build.0 = Release|Any CPU
		{E7027DA0-076C-4329-855C-4354D3558782}.Debug|Any CPU.ActiveCfg = Debug|Any CPU
		{E7027DA0-076C-4329-855C-4354D3558782}.Debug|Any CPU.Build.0 = Debug|Any CPU
		{E7027DA0-076C-4329-855C-4354D3558782}.Release|Any CPU.ActiveCfg = Release|Any CPU
		{E7027DA0-076C-4329-855C-4354D3558782}.Release|Any CPU.Build.0 = Release|Any CPU
		{DDEC65D4-F7CD-4F07-B2AC-AECC905ECF80}.Debug|Any CPU.ActiveCfg = Debug|Any CPU
		{DDEC65D4-F7CD-4F07-B2AC-AECC905ECF80}.Debug|Any CPU.Build.0 = Debug|Any CPU
		{DDEC65D4-F7CD-4F07-B2AC-AECC905ECF80}.Release|Any CPU.ActiveCfg = Release|Any CPU
		{DDEC65D4-F7CD-4F07-B2AC-AECC905ECF80}.Release|Any CPU.Build.0 = Release|Any CPU
		{56CFD107-130F-4DBD-AEA0-09A501DEB40A}.Debug|Any CPU.ActiveCfg = Debug|Any CPU
		{56CFD107-130F-4DBD-AEA0-09A501DEB40A}.Debug|Any CPU.Build.0 = Debug|Any CPU
		{56CFD107-130F-4DBD-AEA0-09A501DEB40A}.Release|Any CPU.ActiveCfg = Release|Any CPU
		{56CFD107-130F-4DBD-AEA0-09A501DEB40A}.Release|Any CPU.Build.0 = Release|Any CPU
		{8B6F29C5-5F84-44F1-B781-481FD64A24DB}.Debug|Any CPU.ActiveCfg = Debug|Any CPU
		{8B6F29C5-5F84-44F1-B781-481FD64A24DB}.Debug|Any CPU.Build.0 = Debug|Any CPU
		{8B6F29C5-5F84-44F1-B781-481FD64A24DB}.Release|Any CPU.ActiveCfg = Release|Any CPU
		{8B6F29C5-5F84-44F1-B781-481FD64A24DB}.Release|Any CPU.Build.0 = Release|Any CPU
	EndGlobalSection
	GlobalSection(SolutionProperties) = preSolution
		HideSolutionNode = FALSE
	EndGlobalSection
	GlobalSection(NestedProjects) = preSolution
		{071AB57E-EE5D-45CC-9307-E3C2C1E732CE} = {3FC37078-AD35-4AC3-9754-497B3CD2B988}
		{08CD3A88-2553-481B-BF64-574D2AC22370} = {3FC37078-AD35-4AC3-9754-497B3CD2B988}
		{31F2A740-B65D-4FFD-B590-12C3C2048318} = {3FC37078-AD35-4AC3-9754-497B3CD2B988}
		{3EC7187E-3964-418D-97C3-19370E75DD75} = {071AB57E-EE5D-45CC-9307-E3C2C1E732CE}
		{A44458FF-8CED-4795-98B5-6D04F4F5CCC8} = {3FC37078-AD35-4AC3-9754-497B3CD2B988}
		{CFA7ED07-F55B-46A4-A956-DB7953D56A3B} = {08CD3A88-2553-481B-BF64-574D2AC22370}
		{470B5FCD-9146-4B4D-91CD-6392170DAEFD} = {A44458FF-8CED-4795-98B5-6D04F4F5CCC8}
		{E7027DA0-076C-4329-855C-4354D3558782} = {A44458FF-8CED-4795-98B5-6D04F4F5CCC8}
		{DDEC65D4-F7CD-4F07-B2AC-AECC905ECF80} = {A44458FF-8CED-4795-98B5-6D04F4F5CCC8}
		{56CFD107-130F-4DBD-AEA0-09A501DEB40A} = {A44458FF-8CED-4795-98B5-6D04F4F5CCC8}
		{BE54B758-C476-45CD-B24F-E2722E0003E4} = {3FC37078-AD35-4AC3-9754-497B3CD2B988}
		{8B6F29C5-5F84-44F1-B781-481FD64A24DB} = {BE54B758-C476-45CD-B24F-E2722E0003E4}
		{78ABF9FD-8822-4B55-BD23-A5838639154E} = {31F2A740-B65D-4FFD-B590-12C3C2048318}
	EndGlobalSection
	GlobalSection(ExtensibilityGlobals) = postSolution
		SolutionGuid = {37B6B03E-9D83-4AB9-8F20-1671D4D1601C}
	EndGlobalSection
EndGlobal
